
Microsoft Visual Studio Solution File, Format Version 12.00
# Visual Studio Version 17
VisualStudioVersion = 17.13.35828.75 d17.13
MinimumVisualStudioVersion = 10.0.40219.1
Project("{FAE04EC0-301F-11D3-BF4B-00C04F79EFBC}") = "DemoWebAPIWithCustomMediatRAndCQRS", "DemoWebAPIWithCustomMediatRAndCQRS\DemoWebAPIWithCustomMediatRAndCQRS.csproj", "{EE78A2C9-49E4-4EE2-B494-90E46C2F39AF}"
EndProject
Project("{FAE04EC0-301F-11D3-BF4B-00C04F79EFBC}") = "CustomMediatR", "CustomMediatR\CustomMediatR.csproj", "{FD88B8FF-C131-43DF-9E07-86670EC8BEF9}"
EndProject
Global
	GlobalSection(SolutionConfigurationPlatforms) = preSolution
		Debug|Any CPU = Debug|Any CPU
		Release|Any CPU = Release|Any CPU
	EndGlobalSection
	GlobalSection(ProjectConfigurationPlatforms) = postSolution
		{EE78A2C9-49E4-4EE2-B494-90E46C2F39AF}.Debug|Any CPU.ActiveCfg = Debug|Any CPU
		{EE78A2C9-49E4-4EE2-B494-90E46C2F39AF}.Debug|Any CPU.Build.0 = Debug|Any CPU
		{EE78A2C9-49E4-4EE2-B494-90E46C2F39AF}.Release|Any CPU.ActiveCfg = Release|Any CPU
		{EE78A2C9-49E4-4EE2-B494-90E46C2F39AF}.Release|Any CPU.Build.0 = Release|Any CPU
		{FD88B8FF-C131-43DF-9E07-86670EC8BEF9}.Debug|Any CPU.ActiveCfg = Debug|Any CPU
		{FD88B8FF-C131-43DF-9E07-86670EC8BEF9}.Debug|Any CPU.Build.0 = Debug|Any CPU
		{FD88B8FF-C131-43DF-9E07-86670EC8BEF9}.Release|Any CPU.ActiveCfg = Release|Any CPU
		{FD88B8FF-C131-43DF-9E07-86670EC8BEF9}.Release|Any CPU.Build.0 = Release|Any CPU
	EndGlobalSection
	GlobalSection(SolutionProperties) = preSolution
		HideSolutionNode = FALSE
	EndGlobalSection
	GlobalSection(ExtensibilityGlobals) = postSolution
		SolutionGuid = {C463192F-CA5B-4FF4-AE6A-DDE23F687C4E}
	EndGlobalSection
EndGlobal
